// !$*UTF8*$!
{
	archiveVersion = 1;
	classes = {
	};
	objectVersion = 56;
	objects = {

/* Begin PBXBuildFile section */
		B4F400812A7C281E00295DEB /* ReadingListApp.swift in Sources */ = {isa = PBXBuildFile; fileRef = B4F400802A7C281E00295DEB /* ReadingListApp.swift */; };
		B4F400832A7C281E00295DEB /* ReadingListView.swift in Sources */ = {isa = PBXBuildFile; fileRef = B4F400822A7C281E00295DEB /* ReadingListView.swift */; };
		B4F400852A7C282100295DEB /* Assets.xcassets in Resources */ = {isa = PBXBuildFile; fileRef = B4F400842A7C282100295DEB /* Assets.xcassets */; };
		B4F400882A7C282100295DEB /* Preview Assets.xcassets in Resources */ = {isa = PBXBuildFile; fileRef = B4F400872A7C282100295DEB /* Preview Assets.xcassets */; };
		B4F400922A7C282100295DEB /* ReadingListTests.swift in Sources */ = {isa = PBXBuildFile; fileRef = B4F400912A7C282100295DEB /* ReadingListTests.swift */; };
		B4F400B02A7C28BC00295DEB /* ReadingList.json in Resources */ = {isa = PBXBuildFile; fileRef = B4F400AB2A7C28BC00295DEB /* ReadingList.json */; };
		B4F400B12A7C28BC00295DEB /* Author.swift in Sources */ = {isa = PBXBuildFile; fileRef = B4F400AC2A7C28BC00295DEB /* Author.swift */; };
		B4F400B22A7C28BC00295DEB /* ReadingList.swift in Sources */ = {isa = PBXBuildFile; fileRef = B4F400AD2A7C28BC00295DEB /* ReadingList.swift */; };
		B4F400B32A7C28BC00295DEB /* DataStore.swift in Sources */ = {isa = PBXBuildFile; fileRef = B4F400AE2A7C28BC00295DEB /* DataStore.swift */; };
		B4F400B42A7C28BC00295DEB /* Book.swift in Sources */ = {isa = PBXBuildFile; fileRef = B4F400AF2A7C28BC00295DEB /* Book.swift */; };
		B4F400B62A7C42ED00295DEB /* ReadingListVM.swift in Sources */ = {isa = PBXBuildFile; fileRef = B4F400B52A7C42ED00295DEB /* ReadingListVM.swift */; };
		B4F400B82A7C50B300295DEB /* ReadingListCellVM.swift in Sources */ = {isa = PBXBuildFile; fileRef = B4F400B72A7C50B300295DEB /* ReadingListCellVM.swift */; };
		B4F400BA2A7C50C800295DEB /* ReadingListCell.swift in Sources */ = {isa = PBXBuildFile; fileRef = B4F400B92A7C50C800295DEB /* ReadingListCell.swift */; };
		B4F400BC2A7C575A00295DEB /* TestData.swift in Sources */ = {isa = PBXBuildFile; fileRef = B4F400BB2A7C575A00295DEB /* TestData.swift */; };
		B4F400C02A7D413D00295DEB /* EmptyList.json in Resources */ = {isa = PBXBuildFile; fileRef = B4F400BF2A7D413D00295DEB /* EmptyList.json */; };
		B4F400D22A7D55FA00295DEB /* Julius Caesar.jpg in Resources */ = {isa = PBXBuildFile; fileRef = B4F400C22A7D55FA00295DEB /* Julius Caesar.jpg */; };
		B4F400D32A7D55FA00295DEB /* The Brothers Karamozov.jpg in Resources */ = {isa = PBXBuildFile; fileRef = B4F400C32A7D55FA00295DEB /* The Brothers Karamozov.jpg */; };
		B4F400D42A7D55FA00295DEB /* War and Peace.jpg in Resources */ = {isa = PBXBuildFile; fileRef = B4F400C42A7D55FA00295DEB /* War and Peace.jpg */; };
		B4F400D52A7D55FA00295DEB /* The Possessed.jpg in Resources */ = {isa = PBXBuildFile; fileRef = B4F400C52A7D55FA00295DEB /* The Possessed.jpg */; };
		B4F400D62A7D55FA00295DEB /* Great Expectations.jpg in Resources */ = {isa = PBXBuildFile; fileRef = B4F400C62A7D55FA00295DEB /* Great Expectations.jpg */; };
		B4F400D72A7D55FA00295DEB /* Much Ado About Nothing.jpg in Resources */ = {isa = PBXBuildFile; fileRef = B4F400C72A7D55FA00295DEB /* Much Ado About Nothing.jpg */; };
		B4F400D82A7D55FA00295DEB /* The Odyssey.jpg in Resources */ = {isa = PBXBuildFile; fileRef = B4F400C82A7D55FA00295DEB /* The Odyssey.jpg */; };
		B4F400D92A7D55FA00295DEB /* The Time Machine.jpg in Resources */ = {isa = PBXBuildFile; fileRef = B4F400C92A7D55FA00295DEB /* The Time Machine.jpg */; };
		B4F400DA2A7D55FA00295DEB /* Anna Karenina.jpg in Resources */ = {isa = PBXBuildFile; fileRef = B4F400CA2A7D55FA00295DEB /* Anna Karenina.jpg */; };
		B4F400DB2A7D55FA00295DEB /* Romeo and Juliet.jpg in Resources */ = {isa = PBXBuildFile; fileRef = B4F400CB2A7D55FA00295DEB /* Romeo and Juliet.jpg */; };
		B4F400DC2A7D55FA00295DEB /* The Iliad.jpg in Resources */ = {isa = PBXBuildFile; fileRef = B4F400CC2A7D55FA00295DEB /* The Iliad.jpg */; };
		B4F400DD2A7D55FA00295DEB /* Treasure Island.jpg in Resources */ = {isa = PBXBuildFile; fileRef = B4F400CD2A7D55FA00295DEB /* Treasure Island.jpg */; };
		B4F400DE2A7D55FA00295DEB /* Pride and Prejudice.jpg in Resources */ = {isa = PBXBuildFile; fileRef = B4F400CE2A7D55FA00295DEB /* Pride and Prejudice.jpg */; };
		B4F400DF2A7D55FA00295DEB /* War of the Worlds.jpg in Resources */ = {isa = PBXBuildFile; fileRef = B4F400CF2A7D55FA00295DEB /* War of the Worlds.jpg */; };
		B4F400E02A7D55FA00295DEB /* 1984.jpg in Resources */ = {isa = PBXBuildFile; fileRef = B4F400D02A7D55FA00295DEB /* 1984.jpg */; };
		B4F400E12A7D55FA00295DEB /* Emma.jpg in Resources */ = {isa = PBXBuildFile; fileRef = B4F400D12A7D55FA00295DEB /* Emma.jpg */; };
/* End PBXBuildFile section */

/* Begin PBXContainerItemProxy section */
		B4F4008E2A7C282100295DEB /* PBXContainerItemProxy */ = {
			isa = PBXContainerItemProxy;
			containerPortal = B4F400752A7C281E00295DEB /* Project object */;
			proxyType = 1;
			remoteGlobalIDString = B4F4007C2A7C281E00295DEB;
			remoteInfo = ReadingList;
		};
/* End PBXContainerItemProxy section */

/* Begin PBXFileReference section */
		B4F4007D2A7C281E00295DEB /* ReadingList.app */ = {isa = PBXFileReference; explicitFileType = wrapper.application; includeInIndex = 0; path = ReadingList.app; sourceTree = BUILT_PRODUCTS_DIR; };
		B4F400802A7C281E00295DEB /* ReadingListApp.swift */ = {isa = PBXFileReference; lastKnownFileType = sourcecode.swift; path = ReadingListApp.swift; sourceTree = "<group>"; };
		B4F400822A7C281E00295DEB /* ReadingListView.swift */ = {isa = PBXFileReference; lastKnownFileType = sourcecode.swift; path = ReadingListView.swift; sourceTree = "<group>"; };
		B4F400842A7C282100295DEB /* Assets.xcassets */ = {isa = PBXFileReference; lastKnownFileType = folder.assetcatalog; path = Assets.xcassets; sourceTree = "<group>"; };
		B4F400872A7C282100295DEB /* Preview Assets.xcassets */ = {isa = PBXFileReference; lastKnownFileType = folder.assetcatalog; path = "Preview Assets.xcassets"; sourceTree = "<group>"; };
		B4F4008D2A7C282100295DEB /* ReadingListTests.xctest */ = {isa = PBXFileReference; explicitFileType = wrapper.cfbundle; includeInIndex = 0; path = ReadingListTests.xctest; sourceTree = BUILT_PRODUCTS_DIR; };
		B4F400912A7C282100295DEB /* ReadingListTests.swift */ = {isa = PBXFileReference; lastKnownFileType = sourcecode.swift; path = ReadingListTests.swift; sourceTree = "<group>"; };
		B4F400AB2A7C28BC00295DEB /* ReadingList.json */ = {isa = PBXFileReference; fileEncoding = 4; lastKnownFileType = text.json; path = ReadingList.json; sourceTree = "<group>"; };
		B4F400AC2A7C28BC00295DEB /* Author.swift */ = {isa = PBXFileReference; fileEncoding = 4; lastKnownFileType = sourcecode.swift; path = Author.swift; sourceTree = "<group>"; };
		B4F400AD2A7C28BC00295DEB /* ReadingList.swift */ = {isa = PBXFileReference; fileEncoding = 4; lastKnownFileType = sourcecode.swift; path = ReadingList.swift; sourceTree = "<group>"; };
		B4F400AE2A7C28BC00295DEB /* DataStore.swift */ = {isa = PBXFileReference; fileEncoding = 4; lastKnownFileType = sourcecode.swift; path = DataStore.swift; sourceTree = "<group>"; };
		B4F400AF2A7C28BC00295DEB /* Book.swift */ = {isa = PBXFileReference; fileEncoding = 4; lastKnownFileType = sourcecode.swift; path = Book.swift; sourceTree = "<group>"; };
		B4F400B52A7C42ED00295DEB /* ReadingListVM.swift */ = {isa = PBXFileReference; lastKnownFileType = sourcecode.swift; path = ReadingListVM.swift; sourceTree = "<group>"; };
		B4F400B72A7C50B300295DEB /* ReadingListCellVM.swift */ = {isa = PBXFileReference; lastKnownFileType = sourcecode.swift; path = ReadingListCellVM.swift; sourceTree = "<group>"; };
		B4F400B92A7C50C800295DEB /* ReadingListCell.swift */ = {isa = PBXFileReference; lastKnownFileType = sourcecode.swift; path = ReadingListCell.swift; sourceTree = "<group>"; };
		B4F400BB2A7C575A00295DEB /* TestData.swift */ = {isa = PBXFileReference; lastKnownFileType = sourcecode.swift; path = TestData.swift; sourceTree = "<group>"; };
		B4F400BF2A7D413D00295DEB /* EmptyList.json */ = {isa = PBXFileReference; lastKnownFileType = text.json; path = EmptyList.json; sourceTree = "<group>"; };
		B4F400C22A7D55FA00295DEB /* Julius Caesar.jpg */ = {isa = PBXFileReference; lastKnownFileType = image.jpeg; path = "Julius Caesar.jpg"; sourceTree = "<group>"; };
		B4F400C32A7D55FA00295DEB /* The Brothers Karamozov.jpg */ = {isa = PBXFileReference; lastKnownFileType = image.jpeg; path = "The Brothers Karamozov.jpg"; sourceTree = "<group>"; };
		B4F400C42A7D55FA00295DEB /* War and Peace.jpg */ = {isa = PBXFileReference; lastKnownFileType = image.jpeg; path = "War and Peace.jpg"; sourceTree = "<group>"; };
		B4F400C52A7D55FA00295DEB /* The Possessed.jpg */ = {isa = PBXFileReference; lastKnownFileType = image.jpeg; path = "The Possessed.jpg"; sourceTree = "<group>"; };
		B4F400C62A7D55FA00295DEB /* Great Expectations.jpg */ = {isa = PBXFileReference; lastKnownFileType = image.jpeg; path = "Great Expectations.jpg"; sourceTree = "<group>"; };
		B4F400C72A7D55FA00295DEB /* Much Ado About Nothing.jpg */ = {isa = PBXFileReference; lastKnownFileType = image.jpeg; path = "Much Ado About Nothing.jpg"; sourceTree = "<group>"; };
		B4F400C82A7D55FA00295DEB /* The Odyssey.jpg */ = {isa = PBXFileReference; lastKnownFileType = image.jpeg; path = "The Odyssey.jpg"; sourceTree = "<group>"; };
		B4F400C92A7D55FA00295DEB /* The Time Machine.jpg */ = {isa = PBXFileReference; lastKnownFileType = image.jpeg; path = "The Time Machine.jpg"; sourceTree = "<group>"; };
		B4F400CA2A7D55FA00295DEB /* Anna Karenina.jpg */ = {isa = PBXFileReference; lastKnownFileType = image.jpeg; path = "Anna Karenina.jpg"; sourceTree = "<group>"; };
		B4F400CB2A7D55FA00295DEB /* Romeo and Juliet.jpg */ = {isa = PBXFileReference; lastKnownFileType = image.jpeg; path = "Romeo and Juliet.jpg"; sourceTree = "<group>"; };
		B4F400CC2A7D55FA00295DEB /* The Iliad.jpg */ = {isa = PBXFileReference; lastKnownFileType = image.jpeg; path = "The Iliad.jpg"; sourceTree = "<group>"; };
		B4F400CD2A7D55FA00295DEB /* Treasure Island.jpg */ = {isa = PBXFileReference; lastKnownFileType = image.jpeg; path = "Treasure Island.jpg"; sourceTree = "<group>"; };
		B4F400CE2A7D55FA00295DEB /* Pride and Prejudice.jpg */ = {isa = PBXFileReference; lastKnownFileType = image.jpeg; path = "Pride and Prejudice.jpg"; sourceTree = "<group>"; };
		B4F400CF2A7D55FA00295DEB /* War of the Worlds.jpg */ = {isa = PBXFileReference; lastKnownFileType = image.jpeg; path = "War of the Worlds.jpg"; sourceTree = "<group>"; };
		B4F400D02A7D55FA00295DEB /* 1984.jpg */ = {isa = PBXFileReference; lastKnownFileType = image.jpeg; path = 1984.jpg; sourceTree = "<group>"; };
		B4F400D12A7D55FA00295DEB /* Emma.jpg */ = {isa = PBXFileReference; lastKnownFileType = image.jpeg; path = Emma.jpg; sourceTree = "<group>"; };
/* End PBXFileReference section */

/* Begin PBXFrameworksBuildPhase section */
		B4F4007A2A7C281E00295DEB /* Frameworks */ = {
			isa = PBXFrameworksBuildPhase;
			buildActionMask = 2147483647;
			files = (
			);
			runOnlyForDeploymentPostprocessing = 0;
		};
		B4F4008A2A7C282100295DEB /* Frameworks */ = {
			isa = PBXFrameworksBuildPhase;
			buildActionMask = 2147483647;
			files = (
			);
			runOnlyForDeploymentPostprocessing = 0;
		};
/* End PBXFrameworksBuildPhase section */

/* Begin PBXGroup section */
		B4F400742A7C281E00295DEB = {
			isa = PBXGroup;
			children = (
				B4F400C12A7D55FA00295DEB /* Cover Images */,
				B4F400AA2A7C28BC00295DEB /* ReadingListModel */,
				B4F4007F2A7C281E00295DEB /* ReadingList */,
				B4F400902A7C282100295DEB /* ReadingListTests */,
				B4F4007E2A7C281E00295DEB /* Products */,
			);
			sourceTree = "<group>";
		};
		B4F4007E2A7C281E00295DEB /* Products */ = {
			isa = PBXGroup;
			children = (
				B4F4007D2A7C281E00295DEB /* ReadingList.app */,
				B4F4008D2A7C282100295DEB /* ReadingListTests.xctest */,
			);
			name = Products;
			sourceTree = "<group>";
		};
		B4F4007F2A7C281E00295DEB /* ReadingList */ = {
			isa = PBXGroup;
			children = (
				B4F400802A7C281E00295DEB /* ReadingListApp.swift */,
				B4F400822A7C281E00295DEB /* ReadingListView.swift */,
				B4F400B52A7C42ED00295DEB /* ReadingListVM.swift */,
				B4F400B92A7C50C800295DEB /* ReadingListCell.swift */,
				B4F400B72A7C50B300295DEB /* ReadingListCellVM.swift */,
				B4F400BB2A7C575A00295DEB /* TestData.swift */,
				B4F400842A7C282100295DEB /* Assets.xcassets */,
				B4F400862A7C282100295DEB /* Preview Content */,
			);
			path = ReadingList;
			sourceTree = "<group>";
		};
		B4F400862A7C282100295DEB /* Preview Content */ = {
			isa = PBXGroup;
			children = (
				B4F400872A7C282100295DEB /* Preview Assets.xcassets */,
			);
			path = "Preview Content";
			sourceTree = "<group>";
		};
		B4F400902A7C282100295DEB /* ReadingListTests */ = {
			isa = PBXGroup;
			children = (
				B4F400912A7C282100295DEB /* ReadingListTests.swift */,
			);
			path = ReadingListTests;
			sourceTree = "<group>";
		};
		B4F400AA2A7C28BC00295DEB /* ReadingListModel */ = {
			isa = PBXGroup;
			children = (
				B4F400AB2A7C28BC00295DEB /* ReadingList.json */,
				B4F400BF2A7D413D00295DEB /* EmptyList.json */,
				B4F400AC2A7C28BC00295DEB /* Author.swift */,
				B4F400AD2A7C28BC00295DEB /* ReadingList.swift */,
				B4F400AE2A7C28BC00295DEB /* DataStore.swift */,
				B4F400AF2A7C28BC00295DEB /* Book.swift */,
			);
			name = ReadingListModel;
			path = ../ReadingListModel;
			sourceTree = "<group>";
		};
		B4F400C12A7D55FA00295DEB /* Cover Images */ = {
			isa = PBXGroup;
			children = (
				B4F400C22A7D55FA00295DEB /* Julius Caesar.jpg */,
				B4F400C32A7D55FA00295DEB /* The Brothers Karamozov.jpg */,
				B4F400C42A7D55FA00295DEB /* War and Peace.jpg */,
				B4F400C52A7D55FA00295DEB /* The Possessed.jpg */,
				B4F400C62A7D55FA00295DEB /* Great Expectations.jpg */,
				B4F400C72A7D55FA00295DEB /* Much Ado About Nothing.jpg */,
				B4F400C82A7D55FA00295DEB /* The Odyssey.jpg */,
				B4F400C92A7D55FA00295DEB /* The Time Machine.jpg */,
				B4F400CA2A7D55FA00295DEB /* Anna Karenina.jpg */,
				B4F400CB2A7D55FA00295DEB /* Romeo and Juliet.jpg */,
				B4F400CC2A7D55FA00295DEB /* The Iliad.jpg */,
				B4F400CD2A7D55FA00295DEB /* Treasure Island.jpg */,
				B4F400CE2A7D55FA00295DEB /* Pride and Prejudice.jpg */,
				B4F400CF2A7D55FA00295DEB /* War of the Worlds.jpg */,
				B4F400D02A7D55FA00295DEB /* 1984.jpg */,
				B4F400D12A7D55FA00295DEB /* Emma.jpg */,
			);
			name = "Cover Images";
			path = "../Cover Images";
			sourceTree = "<group>";
		};
/* End PBXGroup section */

/* Begin PBXNativeTarget section */
		B4F4007C2A7C281E00295DEB /* ReadingList */ = {
			isa = PBXNativeTarget;
			buildConfigurationList = B4F400A12A7C282100295DEB /* Build configuration list for PBXNativeTarget "ReadingList" */;
			buildPhases = (
				B4F400792A7C281E00295DEB /* Sources */,
				B4F4007A2A7C281E00295DEB /* Frameworks */,
				B4F4007B2A7C281E00295DEB /* Resources */,
			);
			buildRules = (
			);
			dependencies = (
			);
			name = ReadingList;
			productName = ReadingList;
			productReference = B4F4007D2A7C281E00295DEB /* ReadingList.app */;
			productType = "com.apple.product-type.application";
		};
		B4F4008C2A7C282100295DEB /* ReadingListTests */ = {
			isa = PBXNativeTarget;
			buildConfigurationList = B4F400A42A7C282100295DEB /* Build configuration list for PBXNativeTarget "ReadingListTests" */;
			buildPhases = (
				B4F400892A7C282100295DEB /* Sources */,
				B4F4008A2A7C282100295DEB /* Frameworks */,
				B4F4008B2A7C282100295DEB /* Resources */,
			);
			buildRules = (
			);
			dependencies = (
				B4F4008F2A7C282100295DEB /* PBXTargetDependency */,
			);
			name = ReadingListTests;
			productName = ReadingListTests;
			productReference = B4F4008D2A7C282100295DEB /* ReadingListTests.xctest */;
			productType = "com.apple.product-type.bundle.unit-test";
		};
/* End PBXNativeTarget section */

/* Begin PBXProject section */
		B4F400752A7C281E00295DEB /* Project object */ = {
			isa = PBXProject;
			attributes = {
				BuildIndependentTargetsInParallel = 1;
				LastSwiftUpdateCheck = 1430;
				LastUpgradeCheck = 1430;
				TargetAttributes = {
					B4F4007C2A7C281E00295DEB = {
						CreatedOnToolsVersion = 14.3.1;
					};
					B4F4008C2A7C282100295DEB = {
						CreatedOnToolsVersion = 14.3.1;
						TestTargetID = B4F4007C2A7C281E00295DEB;
					};
				};
			};
			buildConfigurationList = B4F400782A7C281E00295DEB /* Build configuration list for PBXProject "ReadingList" */;
			compatibilityVersion = "Xcode 14.0";
			developmentRegion = en;
			hasScannedForEncodings = 0;
			knownRegions = (
				en,
				Base,
			);
			mainGroup = B4F400742A7C281E00295DEB;
			productRefGroup = B4F4007E2A7C281E00295DEB /* Products */;
			projectDirPath = "";
			projectRoot = "";
			targets = (
				B4F4007C2A7C281E00295DEB /* ReadingList */,
				B4F4008C2A7C282100295DEB /* ReadingListTests */,
			);
		};
/* End PBXProject section */

/* Begin PBXResourcesBuildPhase section */
		B4F4007B2A7C281E00295DEB /* Resources */ = {
			isa = PBXResourcesBuildPhase;
			buildActionMask = 2147483647;
			files = (
				B4F400DA2A7D55FA00295DEB /* Anna Karenina.jpg in Resources */,
				B4F400DF2A7D55FA00295DEB /* War of the Worlds.jpg in Resources */,
				B4F400DE2A7D55FA00295DEB /* Pride and Prejudice.jpg in Resources */,
				B4F400DB2A7D55FA00295DEB /* Romeo and Juliet.jpg in Resources */,
				B4F400D92A7D55FA00295DEB /* The Time Machine.jpg in Resources */,
				B4F400E02A7D55FA00295DEB /* 1984.jpg in Resources */,
				B4F400D22A7D55FA00295DEB /* Julius Caesar.jpg in Resources */,
				B4F400E12A7D55FA00295DEB /* Emma.jpg in Resources */,
				B4F400D32A7D55FA00295DEB /* The Brothers Karamozov.jpg in Resources */,
				B4F400D52A7D55FA00295DEB /* The Possessed.jpg in Resources */,
				B4F400D62A7D55FA00295DEB /* Great Expectations.jpg in Resources */,
				B4F400D72A7D55FA00295DEB /* Much Ado About Nothing.jpg in Resources */,
				B4F400DD2A7D55FA00295DEB /* Treasure Island.jpg in Resources */,
				B4F400C02A7D413D00295DEB /* EmptyList.json in Resources */,
				B4F400DC2A7D55FA00295DEB /* The Iliad.jpg in Resources */,
				B4F400882A7C282100295DEB /* Preview Assets.xcassets in Resources */,
				B4F400D42A7D55FA00295DEB /* War and Peace.jpg in Resources */,
				B4F400B02A7C28BC00295DEB /* ReadingList.json in Resources */,
				B4F400D82A7D55FA00295DEB /* The Odyssey.jpg in Resources */,
				B4F400852A7C282100295DEB /* Assets.xcassets in Resources */,
			);
			runOnlyForDeploymentPostprocessing = 0;
		};
		B4F4008B2A7C282100295DEB /* Resources */ = {
			isa = PBXResourcesBuildPhase;
			buildActionMask = 2147483647;
			files = (
			);
			runOnlyForDeploymentPostprocessing = 0;
		};
/* End PBXResourcesBuildPhase section */

/* Begin PBXSourcesBuildPhase section */
		B4F400792A7C281E00295DEB /* Sources */ = {
			isa = PBXSourcesBuildPhase;
			buildActionMask = 2147483647;
			files = (
				B4F400B12A7C28BC00295DEB /* Author.swift in Sources */,
				B4F400832A7C281E00295DEB /* ReadingListView.swift in Sources */,
				B4F400B42A7C28BC00295DEB /* Book.swift in Sources */,
				B4F400BC2A7C575A00295DEB /* TestData.swift in Sources */,
				B4F400B82A7C50B300295DEB /* ReadingListCellVM.swift in Sources */,
				B4F400B22A7C28BC00295DEB /* ReadingList.swift in Sources */,
				B4F400BA2A7C50C800295DEB /* ReadingListCell.swift in Sources */,
				B4F400B32A7C28BC00295DEB /* DataStore.swift in Sources */,
				B4F400B62A7C42ED00295DEB /* ReadingListVM.swift in Sources */,
				B4F400812A7C281E00295DEB /* ReadingListApp.swift in Sources */,
			);
			runOnlyForDeploymentPostprocessing = 0;
		};
		B4F400892A7C282100295DEB /* Sources */ = {
			isa = PBXSourcesBuildPhase;
			buildActionMask = 2147483647;
			files = (
				B4F400922A7C282100295DEB /* ReadingListTests.swift in Sources */,
			);
			runOnlyForDeploymentPostprocessing = 0;
		};
/* End PBXSourcesBuildPhase section */

/* Begin PBXTargetDependency section */
		B4F4008F2A7C282100295DEB /* PBXTargetDependency */ = {
			isa = PBXTargetDependency;
			target = B4F4007C2A7C281E00295DEB /* ReadingList */;
			targetProxy = B4F4008E2A7C282100295DEB /* PBXContainerItemProxy */;
		};
/* End PBXTargetDependency section */

/* Begin XCBuildConfiguration section */
		B4F4009F2A7C282100295DEB /* Debug */ = {
			isa = XCBuildConfiguration;
			buildSettings = {
				ALWAYS_SEARCH_USER_PATHS = NO;
				CLANG_ANALYZER_NONNULL = YES;
				CLANG_ANALYZER_NUMBER_OBJECT_CONVERSION = YES_AGGRESSIVE;
				CLANG_CXX_LANGUAGE_STANDARD = "gnu++20";
				CLANG_ENABLE_MODULES = YES;
				CLANG_ENABLE_OBJC_ARC = YES;
				CLANG_ENABLE_OBJC_WEAK = YES;
				CLANG_WARN_BLOCK_CAPTURE_AUTORELEASING = YES;
				CLANG_WARN_BOOL_CONVERSION = YES;
				CLANG_WARN_COMMA = YES;
				CLANG_WARN_CONSTANT_CONVERSION = YES;
				CLANG_WARN_DEPRECATED_OBJC_IMPLEMENTATIONS = YES;
				CLANG_WARN_DIRECT_OBJC_ISA_USAGE = YES_ERROR;
				CLANG_WARN_DOCUMENTATION_COMMENTS = YES;
				CLANG_WARN_EMPTY_BODY = YES;
				CLANG_WARN_ENUM_CONVERSION = YES;
				CLANG_WARN_INFINITE_RECURSION = YES;
				CLANG_WARN_INT_CONVERSION = YES;
				CLANG_WARN_NON_LITERAL_NULL_CONVERSION = YES;
				CLANG_WARN_OBJC_IMPLICIT_RETAIN_SELF = YES;
				CLANG_WARN_OBJC_LITERAL_CONVERSION = YES;
				CLANG_WARN_OBJC_ROOT_CLASS = YES_ERROR;
				CLANG_WARN_QUOTED_INCLUDE_IN_FRAMEWORK_HEADER = YES;
				CLANG_WARN_RANGE_LOOP_ANALYSIS = YES;
				CLANG_WARN_STRICT_PROTOTYPES = YES;
				CLANG_WARN_SUSPICIOUS_MOVE = YES;
				CLANG_WARN_UNGUARDED_AVAILABILITY = YES_AGGRESSIVE;
				CLANG_WARN_UNREACHABLE_CODE = YES;
				CLANG_WARN__DUPLICATE_METHOD_MATCH = YES;
				COPY_PHASE_STRIP = NO;
				DEBUG_INFORMATION_FORMAT = dwarf;
				ENABLE_STRICT_OBJC_MSGSEND = YES;
				ENABLE_TESTABILITY = YES;
				GCC_C_LANGUAGE_STANDARD = gnu11;
				GCC_DYNAMIC_NO_PIC = NO;
				GCC_NO_COMMON_BLOCKS = YES;
				GCC_OPTIMIZATION_LEVEL = 0;
				GCC_PREPROCESSOR_DEFINITIONS = (
					"DEBUG=1",
					"$(inherited)",
				);
				GCC_WARN_64_TO_32_BIT_CONVERSION = YES;
				GCC_WARN_ABOUT_RETURN_TYPE = YES_ERROR;
				GCC_WARN_UNDECLARED_SELECTOR = YES;
				GCC_WARN_UNINITIALIZED_AUTOS = YES_AGGRESSIVE;
				GCC_WARN_UNUSED_FUNCTION = YES;
				GCC_WARN_UNUSED_VARIABLE = YES;
				IPHONEOS_DEPLOYMENT_TARGET = 16.4;
				MTL_ENABLE_DEBUG_INFO = INCLUDE_SOURCE;
				MTL_FAST_MATH = YES;
				ONLY_ACTIVE_ARCH = YES;
				SDKROOT = iphoneos;
				SWIFT_ACTIVE_COMPILATION_CONDITIONS = DEBUG;
				SWIFT_OPTIMIZATION_LEVEL = "-Onone";
			};
			name = Debug;
		};
		B4F400A02A7C282100295DEB /* Release */ = {
			isa = XCBuildConfiguration;
			buildSettings = {
				ALWAYS_SEARCH_USER_PATHS = NO;
				CLANG_ANALYZER_NONNULL = YES;
				CLANG_ANALYZER_NUMBER_OBJECT_CONVERSION = YES_AGGRESSIVE;
				CLANG_CXX_LANGUAGE_STANDARD = "gnu++20";
				CLANG_ENABLE_MODULES = YES;
				CLANG_ENABLE_OBJC_ARC = YES;
				CLANG_ENABLE_OBJC_WEAK = YES;
				CLANG_WARN_BLOCK_CAPTURE_AUTORELEASING = YES;
				CLANG_WARN_BOOL_CONVERSION = YES;
				CLANG_WARN_COMMA = YES;
				CLANG_WARN_CONSTANT_CONVERSION = YES;
				CLANG_WARN_DEPRECATED_OBJC_IMPLEMENTATIONS = YES;
				CLANG_WARN_DIRECT_OBJC_ISA_USAGE = YES_ERROR;
				CLANG_WARN_DOCUMENTATION_COMMENTS = YES;
				CLANG_WARN_EMPTY_BODY = YES;
				CLANG_WARN_ENUM_CONVERSION = YES;
				CLANG_WARN_INFINITE_RECURSION = YES;
				CLANG_WARN_INT_CONVERSION = YES;
				CLANG_WARN_NON_LITERAL_NULL_CONVERSION = YES;
				CLANG_WARN_OBJC_IMPLICIT_RETAIN_SELF = YES;
				CLANG_WARN_OBJC_LITERAL_CONVERSION = YES;
				CLANG_WARN_OBJC_ROOT_CLASS = YES_ERROR;
				CLANG_WARN_QUOTED_INCLUDE_IN_FRAMEWORK_HEADER = YES;
				CLANG_WARN_RANGE_LOOP_ANALYSIS = YES;
				CLANG_WARN_STRICT_PROTOTYPES = YES;
				CLANG_WARN_SUSPICIOUS_MOVE = YES;
				CLANG_WARN_UNGUARDED_AVAILABILITY = YES_AGGRESSIVE;
				CLANG_WARN_UNREACHABLE_CODE = YES;
				CLANG_WARN__DUPLICATE_METHOD_MATCH = YES;
				COPY_PHASE_STRIP = NO;
				DEBUG_INFORMATION_FORMAT = "dwarf-with-dsym";
				ENABLE_NS_ASSERTIONS = NO;
				ENABLE_STRICT_OBJC_MSGSEND = YES;
				GCC_C_LANGUAGE_STANDARD = gnu11;
				GCC_NO_COMMON_BLOCKS = YES;
				GCC_WARN_64_TO_32_BIT_CONVERSION = YES;
				GCC_WARN_ABOUT_RETURN_TYPE = YES_ERROR;
				GCC_WARN_UNDECLARED_SELECTOR = YES;
				GCC_WARN_UNINITIALIZED_AUTOS = YES_AGGRESSIVE;
				GCC_WARN_UNUSED_FUNCTION = YES;
				GCC_WARN_UNUSED_VARIABLE = YES;
				IPHONEOS_DEPLOYMENT_TARGET = 16.4;
				MTL_ENABLE_DEBUG_INFO = NO;
				MTL_FAST_MATH = YES;
				SDKROOT = iphoneos;
				SWIFT_COMPILATION_MODE = wholemodule;
				SWIFT_OPTIMIZATION_LEVEL = "-O";
				VALIDATE_PRODUCT = YES;
			};
			name = Release;
		};
		B4F400A22A7C282100295DEB /* Debug */ = {
			isa = XCBuildConfiguration;
			buildSettings = {
				ASSETCATALOG_COMPILER_APPICON_NAME = AppIcon;
				ASSETCATALOG_COMPILER_GLOBAL_ACCENT_COLOR_NAME = AccentColor;
				CODE_SIGN_STYLE = Automatic;
				CURRENT_PROJECT_VERSION = 1;
				DEVELOPMENT_ASSET_PATHS = "\"ReadingList/Preview Content\"";
				ENABLE_PREVIEWS = YES;
				GENERATE_INFOPLIST_FILE = YES;
				INFOPLIST_KEY_UIApplicationSceneManifest_Generation = YES;
				INFOPLIST_KEY_UIApplicationSupportsIndirectInputEvents = YES;
				INFOPLIST_KEY_UILaunchScreen_Generation = YES;
				INFOPLIST_KEY_UISupportedInterfaceOrientations_iPad = "UIInterfaceOrientationPortrait UIInterfaceOrientationPortraitUpsideDown UIInterfaceOrientationLandscapeLeft UIInterfaceOrientationLandscapeRight";
				INFOPLIST_KEY_UISupportedInterfaceOrientations_iPhone = "UIInterfaceOrientationPortrait UIInterfaceOrientationLandscapeLeft UIInterfaceOrientationLandscapeRight";
				LD_RUNPATH_SEARCH_PATHS = (
					"$(inherited)",
					"@executable_path/Frameworks",
				);
				MARKETING_VERSION = 1.0;
				PRODUCT_BUNDLE_IDENTIFIER = com.aboutobjects.training.ReadingList;
				PRODUCT_NAME = "$(TARGET_NAME)";
				SWIFT_EMIT_LOC_STRINGS = YES;
				SWIFT_VERSION = 5.0;
				TARGETED_DEVICE_FAMILY = "1,2";
			};
			name = Debug;
		};
		B4F400A32A7C282100295DEB /* Release */ = {
			isa = XCBuildConfiguration;
			buildSettings = {
				ASSETCATALOG_COMPILER_APPICON_NAME = AppIcon;
				ASSETCATALOG_COMPILER_GLOBAL_ACCENT_COLOR_NAME = AccentColor;
				CODE_SIGN_STYLE = Automatic;
				CURRENT_PROJECT_VERSION = 1;
				DEVELOPMENT_ASSET_PATHS = "\"ReadingList/Preview Content\"";
				ENABLE_PREVIEWS = YES;
				GENERATE_INFOPLIST_FILE = YES;
				INFOPLIST_KEY_UIApplicationSceneManifest_Generation = YES;
				INFOPLIST_KEY_UIApplicationSupportsIndirectInputEvents = YES;
				INFOPLIST_KEY_UILaunchScreen_Generation = YES;
				INFOPLIST_KEY_UISupportedInterfaceOrientations_iPad = "UIInterfaceOrientationPortrait UIInterfaceOrientationPortraitUpsideDown UIInterfaceOrientationLandscapeLeft UIInterfaceOrientationLandscapeRight";
				INFOPLIST_KEY_UISupportedInterfaceOrientations_iPhone = "UIInterfaceOrientationPortrait UIInterfaceOrientationLandscapeLeft UIInterfaceOrientationLandscapeRight";
				LD_RUNPATH_SEARCH_PATHS = (
					"$(inherited)",
					"@executable_path/Frameworks",
				);
				MARKETING_VERSION = 1.0;
				PRODUCT_BUNDLE_IDENTIFIER = com.aboutobjects.training.ReadingList;
				PRODUCT_NAME = "$(TARGET_NAME)";
				SWIFT_EMIT_LOC_STRINGS = YES;
				SWIFT_VERSION = 5.0;
				TARGETED_DEVICE_FAMILY = "1,2";
			};
			name = Release;
		};
		B4F400A52A7C282100295DEB /* Debug */ = {
			isa = XCBuildConfiguration;
			buildSettings = {
				ALWAYS_EMBED_SWIFT_STANDARD_LIBRARIES = YES;
				BUNDLE_LOADER = "$(TEST_HOST)";
				CODE_SIGN_STYLE = Automatic;
				CURRENT_PROJECT_VERSION = 1;
				GENERATE_INFOPLIST_FILE = YES;
				IPHONEOS_DEPLOYMENT_TARGET = 16.4;
				MARKETING_VERSION = 1.0;
				PRODUCT_BUNDLE_IDENTIFIER = com.aboutobjects.training.ReadingListTests;
				PRODUCT_NAME = "$(TARGET_NAME)";
				SWIFT_EMIT_LOC_STRINGS = NO;
				SWIFT_VERSION = 5.0;
				TARGETED_DEVICE_FAMILY = "1,2";
				TEST_HOST = "$(BUILT_PRODUCTS_DIR)/ReadingList.app/$(BUNDLE_EXECUTABLE_FOLDER_PATH)/ReadingList";
			};
			name = Debug;
		};
		B4F400A62A7C282100295DEB /* Release */ = {
			isa = XCBuildConfiguration;
			buildSettings = {
				ALWAYS_EMBED_SWIFT_STANDARD_LIBRARIES = YES;
				BUNDLE_LOADER = "$(TEST_HOST)";
				CODE_SIGN_STYLE = Automatic;
				CURRENT_PROJECT_VERSION = 1;
				GENERATE_INFOPLIST_FILE = YES;
				IPHONEOS_DEPLOYMENT_TARGET = 16.4;
				MARKETING_VERSION = 1.0;
				PRODUCT_BUNDLE_IDENTIFIER = com.aboutobjects.training.ReadingListTests;
				PRODUCT_NAME = "$(TARGET_NAME)";
				SWIFT_EMIT_LOC_STRINGS = NO;
				SWIFT_VERSION = 5.0;
				TARGETED_DEVICE_FAMILY = "1,2";
				TEST_HOST = "$(BUILT_PRODUCTS_DIR)/ReadingList.app/$(BUNDLE_EXECUTABLE_FOLDER_PATH)/ReadingList";
			};
			name = Release;
		};
/* End XCBuildConfiguration section */

/* Begin XCConfigurationList section */
		B4F400782A7C281E00295DEB /* Build configuration list for PBXProject "ReadingList" */ = {
			isa = XCConfigurationList;
			buildConfigurations = (
				B4F4009F2A7C282100295DEB /* Debug */,
				B4F400A02A7C282100295DEB /* Release */,
			);
			defaultConfigurationIsVisible = 0;
			defaultConfigurationName = Release;
		};
		B4F400A12A7C282100295DEB /* Build configuration list for PBXNativeTarget "ReadingList" */ = {
			isa = XCConfigurationList;
			buildConfigurations = (
				B4F400A22A7C282100295DEB /* Debug */,
				B4F400A32A7C282100295DEB /* Release */,
			);
			defaultConfigurationIsVisible = 0;
			defaultConfigurationName = Release;
		};
		B4F400A42A7C282100295DEB /* Build configuration list for PBXNativeTarget "ReadingListTests" */ = {
			isa = XCConfigurationList;
			buildConfigurations = (
				B4F400A52A7C282100295DEB /* Debug */,
				B4F400A62A7C282100295DEB /* Release */,
			);
			defaultConfigurationIsVisible = 0;
			defaultConfigurationName = Release;
		};
/* End XCConfigurationList section */
	};
	rootObject = B4F400752A7C281E00295DEB /* Project object */;
}
